
Microsoft Visual Studio Solution File, Format Version 12.00
# Visual Studio 15
VisualStudioVersion = 15.0.28307.421
MinimumVisualStudioVersion = 10.0.40219.1
Project("{FAE04EC0-301F-11D3-BF4B-00C04F79EFBC}") = "AllergyHistory", "AllergyHistory\AllergyHistory.csproj", "{2943EBE9-F504-453B-99CE-9AF2139267C2}"
EndProject
Project("{FAE04EC0-301F-11D3-BF4B-00C04F79EFBC}") = "AllergyHistory.API", "..\AllergyHistory.API\AllergyHistory.API.csproj", "{5540B0CF-927C-4CB0-9326-496206CBCC8F}"
EndProject
Global
	GlobalSection(SolutionConfigurationPlatforms) = preSolution
		Debug|Any CPU = Debug|Any CPU
		Release|Any CPU = Release|Any CPU
	EndGlobalSection
	GlobalSection(ProjectConfigurationPlatforms) = postSolution
		{2943EBE9-F504-453B-99CE-9AF2139267C2}.Debug|Any CPU.ActiveCfg = Debug|Any CPU
		{2943EBE9-F504-453B-99CE-9AF2139267C2}.Debug|Any CPU.Build.0 = Debug|Any CPU
		{2943EBE9-F504-453B-99CE-9AF2139267C2}.Release|Any CPU.ActiveCfg = Release|Any CPU
		{2943EBE9-F504-453B-99CE-9AF2139267C2}.Release|Any CPU.Build.0 = Release|Any CPU
		{5540B0CF-927C-4CB0-9326-496206CBCC8F}.Debug|Any CPU.ActiveCfg = Debug|Any CPU
		{5540B0CF-927C-4CB0-9326-496206CBCC8F}.Debug|Any CPU.Build.0 = Debug|Any CPU
		{5540B0CF-927C-4CB0-9326-496206CBCC8F}.Release|Any CPU.ActiveCfg = Release|Any CPU
		{5540B0CF-927C-4CB0-9326-496206CBCC8F}.Release|Any CPU.Build.0 = Release|Any CPU
	EndGlobalSection
	GlobalSection(SolutionProperties) = preSolution
		HideSolutionNode = FALSE
	EndGlobalSection
	GlobalSection(ExtensibilityGlobals) = postSolution
		SolutionGuid = {3FA83B1F-EEBF-409E-AD73-45A38490C5B8}
	EndGlobalSection
EndGlobal
